github.com/aead/cmac v0.0.0-20160719120800-7af84192f0b1 h1:+JkXLHME8vLJafGhOH4aoV2Iu8bR55nU6iKMVfYVLjY=
github.com/aead/cmac v0.0.0-20160719120800-7af84192f0b1/go.mod h1:nuudZmJhzWtx2212z+pkuy7B6nkBqa+xwNXZHL1j8cg=
github.com/dumacp/smartcard v0.1.6 h1:Zxswgg7HjkVSNoDneFz99ZKAUJKjBUsvcnnI2rcarn0=
github.com/dumacp/smartcard v0.1.6/go.mod h1:qLQLuYHKbY97/VydBGf/JfGkgHw9OgRdOppcd5J7UGw=
github.com/ebfe/scard v0.0.0-20241214075232-7af069cabc25 h1:vXmXuiy1tgifTqWAAaU+ESu1goRp4B3fdhemWMMrS4g=
github.com/ebfe/scard v0.0.0-20241214075232-7af069cabc25/go.mod h1:BkYEeWL6FbT4Ek+TcOBnPzEKnL7kOq2g19tTQXkorHY=
github.com/gmrtd/gmrtd v0.0.0-20250104055757-4c7e2dd63c8b h1:8zCcPZ9KFUsXPdoc16KjXR1wzPA/CA0bpgQRkVkFae0=
github.com/gmrtd/gmrtd v0.0.0-20250104055757-4c7e2dd63c8b/go.mod h1:4nNdq1hzi13Xe/YS6S+W8FOaCYdCu6a/6+U8bZeUPXQ=
github.com/gmrtd/gmrtd v0.0.0-20250126192208-9aa24812014d h1:oe3Owhwi7gW5adfvqMfQk2fe+9AFX2tfCMRXrY1EsU0=
github.com/gmrtd/gmrtd v0.0.0-20250126192208-9aa24812014d/go.mod h1:4nNdq1hzi13Xe/YS6S+W8FOaCYdCu6a/6+U8bZeUPXQ=
github.com/gmrtd/gmrtd v0.0.0-20250130221757-426ce68e76ff h1:Ppzeo4cr9e9cKLNeyw33rCWvqyy1gO0NTHLw7NwBdEs=
github.com/gmrtd/gmrtd v0.0.0-20250130221757-426ce68e76ff/go.mod h1:4nNdq1hzi13Xe/YS6S+W8FOaCYdCu6a/6+U8bZeUPXQ=
github.com/gmrtd/gmrtd v0.0.0-20250130232254-afc67d93e1ba h1:EYuUUlQMjVcbF5lRvByp0CvZ4Xa1ZiXuPoiP9oQEPiE=
github.com/gmrtd/gmrtd v0.0.0-20250130232254-afc67d93e1ba/go.mod h1:4nNdq1hzi13Xe/YS6S+W8FOaCYdCu6a/6+U8bZeUPXQ=
github.com/osanderson/brainpool v0.0.0-20240902133831-007b606d9412 h1:tB1lzcw4iTpErf0TOKINVm+Xkwyr67BRIaeXhUm4dNQ=
github.com/osanderson/brainpool v0.0.0-20240902133831-007b606d9412/go.mod h1:LUYLv8+wgWKKP+MZcvXJ+BkQlpakINAEAMOwG9OL66Y=
github.com/pkg/browser v0.0.0-20240102092130-5ac0b6a4141c h1:+mdjkGKdHQG3305AYmdv1U2eRNDiU2ErMBj1gwrq8eQ=
github.com/pkg/browser v0.0.0-20240102092130-5ac0b6a4141c/go.mod h1:7rwL4CYBLnjLxUqIJNnCWiEdr3bn6IUYi15bNlnbCCU=
golang.org/x/sys v0.1.0/go.mod h1:oPkhp1MJrh7nUepCBck5+mAzfO9JrbApNNgaTdGDITg=
golang.org/x/sys v0.28.0 h1:Fksou7UEQUWlKvIdsqzJmUmCX3cZuD2+P3XyyzwMhlA=
golang.org/x/sys v0.28.0/go.mod h1:/VUhepiaJMQUp4+oa/7Zr1D23ma6VTLIYjOOTFZPUcA=
golang.org/x/sys v0.29.0 h1:TPYlXGxvx1MGTn2GiZDhnjPA9wZzZeGKHHmKhHYvgaU=
golang.org/x/sys v0.29.0/go.mod h1:/VUhepiaJMQUp4+oa/7Zr1D23ma6VTLIYjOOTFZPUcA=
