github.com/aead/cmac v0.0.0-20160719120800-7af84192f0b1 h1:+JkXLHME8vLJafGhOH4aoV2Iu8bR55nU6iKMVfYVLjY=
github.com/aead/cmac v0.0.0-20160719120800-7af84192f0b1/go.mod h1:nuudZmJhzWtx2212z+pkuy7B6nkBqa+xwNXZHL1j8cg=
github.com/dumacp/smartcard v0.1.6 h1:Zxswgg7HjkVSNoDneFz99ZKAUJKjBUsvcnnI2rcarn0=
github.com/dumacp/smartcard v0.1.6/go.mod h1:qLQLuYHKbY97/VydBGf/JfGkgHw9OgRdOppcd5J7UGw=
github.com/dumacp/smartcard v0.1.7 h1:a6NTq92blc8Bk38eZUy1Sz8AXPiJ0gprrv4knPN6N9g=
github.com/dumacp/smartcard v0.1.7/go.mod h1:qLQLuYHKbY97/VydBGf/JfGkgHw9OgRdOppcd5J7UGw=
github.com/dumacp/smartcard v0.1.8 h1:HKqrKrWJiBK3Sto4cymmv4VMkzcT3cHlRCc9A4XeWyg=
github.com/dumacp/smartcard v0.1.8/go.mod h1:qLQLuYHKbY97/VydBGf/JfGkgHw9OgRdOppcd5J7UGw=
github.com/ebfe/scard v0.0.0-20241214075232-7af069cabc25 h1:vXmXuiy1tgifTqWAAaU+ESu1goRp4B3fdhemWMMrS4g=
github.com/ebfe/scard v0.0.0-20241214075232-7af069cabc25/go.mod h1:BkYEeWL6FbT4Ek+TcOBnPzEKnL7kOq2g19tTQXkorHY=
github.com/gmrtd/gmrtd v0.0.0-20250104055757-4c7e2dd63c8b h1:8zCcPZ9KFUsXPdoc16KjXR1wzPA/CA0bpgQRkVkFae0=
github.com/gmrtd/gmrtd v0.0.0-20250104055757-4c7e2dd63c8b/go.mod h1:4nNdq1hzi13Xe/YS6S+W8FOaCYdCu6a/6+U8bZeUPXQ=
github.com/gmrtd/gmrtd v0.0.0-20250206224939-703bc1fab227 h1:AgOjYQqH8ntE4NGaqfoGcvh7ytu5XCnz4tpZ+K2qq/Y=
github.com/gmrtd/gmrtd v0.0.0-20250206224939-703bc1fab227/go.mod h1:4nNdq1hzi13Xe/YS6S+W8FOaCYdCu6a/6+U8bZeUPXQ=
github.com/gmrtd/gmrtd v0.0.0-20250225130418-3de0bf9e2cd7 h1:3vWYzbrWU/uXa0fWpveNXxHAgW6tbBA3ob4Jhr2nlIE=
github.com/gmrtd/gmrtd v0.0.0-20250225130418-3de0bf9e2cd7/go.mod h1:4nNdq1hzi13Xe/YS6S+W8FOaCYdCu6a/6+U8bZeUPXQ=
github.com/gmrtd/gmrtd v0.0.0-20250322054534-ecfa565bcba5 h1:7jLv61s6V7WB//56lRD+/irSbmUJpE74DkW8RCR802g=
github.com/gmrtd/gmrtd v0.0.0-20250322054534-ecfa565bcba5/go.mod h1:4nNdq1hzi13Xe/YS6S+W8FOaCYdCu6a/6+U8bZeUPXQ=
github.com/gmrtd/gmrtd v0.0.0-20250322084017-2de618b80c78 h1:qrx7JcqkxgtyxLGmE/RgLBhV2Oq3PVzncUIYzcQodSs=
github.com/gmrtd/gmrtd v0.0.0-20250322084017-2de618b80c78/go.mod h1:4nNdq1hzi13Xe/YS6S+W8FOaCYdCu6a/6+U8bZeUPXQ=
github.com/gmrtd/gmrtd v0.0.0-20250322124550-d6d2346fd208 h1:Ip0UZ37SM+zQlvI2O5vKXPyJRgmOh5dMSjpeSoGPDRU=
github.com/gmrtd/gmrtd v0.0.0-20250322124550-d6d2346fd208/go.mod h1:4nNdq1hzi13Xe/YS6S+W8FOaCYdCu6a/6+U8bZeUPXQ=
github.com/gmrtd/gmrtd v0.0.0-20250325151712-414007502d82 h1:N+1RN4pT/SzQcwRNhY3LymLIIcu2aJ/OcEbGSus2Z7w=
github.com/gmrtd/gmrtd v0.0.0-20250325151712-414007502d82/go.mod h1:4nNdq1hzi13Xe/YS6S+W8FOaCYdCu6a/6+U8bZeUPXQ=
github.com/gmrtd/gmrtd v0.0.0-20250518084322-6b231225274e h1:MrANCwYYl204HtBOHVySql9J42inkO5EgdGfbAhLdsw=
github.com/gmrtd/gmrtd v0.0.0-20250518084322-6b231225274e/go.mod h1:4nNdq1hzi13Xe/YS6S+W8FOaCYdCu6a/6+U8bZeUPXQ=
github.com/gmrtd/gmrtd v0.0.0-20250518085616-b7a6424611f7 h1:9ulUVQ33dLPV9Kcuk2oE17CU8IGwGnqb3OVFwnlnMPs=
github.com/gmrtd/gmrtd v0.0.0-20250518085616-b7a6424611f7/go.mod h1:4nNdq1hzi13Xe/YS6S+W8FOaCYdCu6a/6+U8bZeUPXQ=
github.com/osanderson/brainpool v0.0.0-20240902133831-007b606d9412 h1:tB1lzcw4iTpErf0TOKINVm+Xkwyr67BRIaeXhUm4dNQ=
github.com/osanderson/brainpool v0.0.0-20240902133831-007b606d9412/go.mod h1:LUYLv8+wgWKKP+MZcvXJ+BkQlpakINAEAMOwG9OL66Y=
github.com/pkg/browser v0.0.0-20240102092130-5ac0b6a4141c h1:+mdjkGKdHQG3305AYmdv1U2eRNDiU2ErMBj1gwrq8eQ=
github.com/pkg/browser v0.0.0-20240102092130-5ac0b6a4141c/go.mod h1:7rwL4CYBLnjLxUqIJNnCWiEdr3bn6IUYi15bNlnbCCU=
golang.org/x/sys v0.1.0/go.mod h1:oPkhp1MJrh7nUepCBck5+mAzfO9JrbApNNgaTdGDITg=
golang.org/x/sys v0.28.0 h1:Fksou7UEQUWlKvIdsqzJmUmCX3cZuD2+P3XyyzwMhlA=
golang.org/x/sys v0.28.0/go.mod h1:/VUhepiaJMQUp4+oa/7Zr1D23ma6VTLIYjOOTFZPUcA=
golang.org/x/sys v0.30.0 h1:QjkSwP/36a20jFYWkSue1YwXzLmsV5Gfq7Eiy72C1uc=
golang.org/x/sys v0.30.0/go.mod h1:/VUhepiaJMQUp4+oa/7Zr1D23ma6VTLIYjOOTFZPUcA=
golang.org/x/sys v0.31.0 h1:ioabZlmFYtWhL+TRYpcnNlLwhyxaM9kWTDEmfnprqik=
golang.org/x/sys v0.31.0/go.mod h1:BJP2sWEmIv4KK5OTEluFJCKSidICx8ciO85XgH3Ak8k=
golang.org/x/sys v0.33.0 h1:q3i8TbbEz+JRD9ywIRlyRAQbM0qF7hu24q3teo2hbuw=
golang.org/x/sys v0.33.0/go.mod h1:BJP2sWEmIv4KK5OTEluFJCKSidICx8ciO85XgH3Ak8k=
